
Microsoft Visual Studio Solution File, Format Version 12.00
# Visual Studio 15
VisualStudioVersion = 15.0.26730.16
MinimumVisualStudioVersion = 10.0.40219.1
Project("{9A19103F-16F7-4668-BE54-9A1E7A4F7556}") = "StarWars.Api", "StarWars.Api\StarWars.Api.csproj", "{0947F193-EE04-4F44-BE5E-8717C49F535F}"
EndProject
Project("{E53339B2-1760-4266-BCC7-CA923CBCF16C}") = "docker-compose", "docker-compose.dcproj", "{625D5795-B7DB-403A-B856-5F18DEAB5844}"
EndProject
Project("{9A19103F-16F7-4668-BE54-9A1E7A4F7556}") = "StarWars.Core", "StarWars.Core\StarWars.Core.csproj", "{2758B8BB-C8DF-456A-AC29-F6302C3B9A18}"
EndProject
Project("{FAE04EC0-301F-11D3-BF4B-00C04F79EFBC}") = "StarWars.Data", "..\StarWars.Data\StarWars.Data.csproj", "{FF866BE7-3451-4C29-8EC5-EA0BAC63F904}"
EndProject
Global
	GlobalSection(SolutionConfigurationPlatforms) = preSolution
		Debug|Any CPU = Debug|Any CPU
		Release|Any CPU = Release|Any CPU
	EndGlobalSection
	GlobalSection(ProjectConfigurationPlatforms) = postSolution
		{0947F193-EE04-4F44-BE5E-8717C49F535F}.Debug|Any CPU.ActiveCfg = Debug|Any CPU
		{0947F193-EE04-4F44-BE5E-8717C49F535F}.Debug|Any CPU.Build.0 = Debug|Any CPU
		{0947F193-EE04-4F44-BE5E-8717C49F535F}.Release|Any CPU.ActiveCfg = Release|Any CPU
		{0947F193-EE04-4F44-BE5E-8717C49F535F}.Release|Any CPU.Build.0 = Release|Any CPU
		{625D5795-B7DB-403A-B856-5F18DEAB5844}.Debug|Any CPU.ActiveCfg = Debug|Any CPU
		{625D5795-B7DB-403A-B856-5F18DEAB5844}.Debug|Any CPU.Build.0 = Debug|Any CPU
		{625D5795-B7DB-403A-B856-5F18DEAB5844}.Release|Any CPU.ActiveCfg = Release|Any CPU
		{625D5795-B7DB-403A-B856-5F18DEAB5844}.Release|Any CPU.Build.0 = Release|Any CPU
		{2758B8BB-C8DF-456A-AC29-F6302C3B9A18}.Debug|Any CPU.ActiveCfg = Debug|Any CPU
		{2758B8BB-C8DF-456A-AC29-F6302C3B9A18}.Debug|Any CPU.Build.0 = Debug|Any CPU
		{2758B8BB-C8DF-456A-AC29-F6302C3B9A18}.Release|Any CPU.ActiveCfg = Release|Any CPU
		{2758B8BB-C8DF-456A-AC29-F6302C3B9A18}.Release|Any CPU.Build.0 = Release|Any CPU
		{FF866BE7-3451-4C29-8EC5-EA0BAC63F904}.Debug|Any CPU.ActiveCfg = Debug|Any CPU
		{FF866BE7-3451-4C29-8EC5-EA0BAC63F904}.Debug|Any CPU.Build.0 = Debug|Any CPU
		{FF866BE7-3451-4C29-8EC5-EA0BAC63F904}.Release|Any CPU.ActiveCfg = Release|Any CPU
		{FF866BE7-3451-4C29-8EC5-EA0BAC63F904}.Release|Any CPU.Build.0 = Release|Any CPU
	EndGlobalSection
	GlobalSection(SolutionProperties) = preSolution
		HideSolutionNode = FALSE
	EndGlobalSection
	GlobalSection(ExtensibilityGlobals) = postSolution
		SolutionGuid = {59BFBCB3-6C84-4750-80B1-4161C611AB1F}
	EndGlobalSection
EndGlobal
